
Microsoft Visual Studio Solution File, Format Version 12.00
# Visual Studio Version 17
VisualStudioVersion = 17.7.34031.279
MinimumVisualStudioVersion = 10.0.40219.1
Project("{FAE04EC0-301F-11D3-BF4B-00C04F79EFBC}") = "BookShop", "BookShop\BookShop.csproj", "{A504B4D8-694A-4DC5-B5BD-B69740CCB90C}"
EndProject
Global
	GlobalSection(SolutionConfigurationPlatforms) = preSolution
		Debug|Any CPU = Debug|Any CPU
		Release|Any CPU = Release|Any CPU
	EndGlobalSection
	GlobalSection(ProjectConfigurationPlatforms) = postSolution
		{A504B4D8-694A-4DC5-B5BD-B69740CCB90C}.Debug|Any CPU.ActiveCfg = Debug|Any CPU
		{A504B4D8-694A-4DC5-B5BD-B69740CCB90C}.Debug|Any CPU.Build.0 = Debug|Any CPU
		{A504B4D8-694A-4DC5-B5BD-B69740CCB90C}.Release|Any CPU.ActiveCfg = Release|Any CPU
		{A504B4D8-694A-4DC5-B5BD-B69740CCB90C}.Release|Any CPU.Build.0 = Release|Any CPU
	EndGlobalSection
	GlobalSection(SolutionProperties) = preSolution
		HideSolutionNode = FALSE
	EndGlobalSection
	GlobalSection(ExtensibilityGlobals) = postSolution
		SolutionGuid = {7FE9BAD3-2606-410A-B84D-BDC6B3832CCF}
	EndGlobalSection
EndGlobal
